
Microsoft Visual Studio Solution File, Format Version 12.00
# Visual Studio Version 17
VisualStudioVersion = 17.13.35818.85 d17.13
MinimumVisualStudioVersion = 10.0.40219.1
Project("{D2ABAB84-BF74-430A-B69E-9DC6D40DDA17}") = "CubeProject_IT22247018", "CubeProject_IT22247018\CubeProject_IT22247018.dwproj", "{238ACDE4-A350-B5C1-5888-8FDBBBC6064F}"
EndProject
Global
	GlobalSection(SolutionConfigurationPlatforms) = preSolution
		Development|Default = Development|Default
	EndGlobalSection
	GlobalSection(ProjectConfigurationPlatforms) = postSolution
		{238ACDE4-A350-B5C1-5888-8FDBBBC6064F}.Development|Default.ActiveCfg = Development
		{238ACDE4-A350-B5C1-5888-8FDBBBC6064F}.Development|Default.Build.0 = Development
		{238ACDE4-A350-B5C1-5888-8FDBBBC6064F}.Development|Default.Deploy.0 = Development
	EndGlobalSection
	GlobalSection(SolutionProperties) = preSolution
		HideSolutionNode = FALSE
	EndGlobalSection
	GlobalSection(ExtensibilityGlobals) = postSolution
		SolutionGuid = {834920E4-5AA2-48B6-8B4A-487BED67F481}
	EndGlobalSection
EndGlobal
